// !$*UTF8*$!
{
	archiveVersion = 1;
	classes = {
	};
	objectVersion = 46;
	objects = {

/* Begin PBXBuildFile section */
		355075878EA1A7678EF4DAB3 /* Pods_hackatonGrapqhqlApiClient.framework in Frameworks */ = {isa = PBXBuildFile; fileRef = 0B1DB97D3057763DF37DECA7 /* Pods_hackatonGrapqhqlApiClient.framework */; };
		755D5F641F880D5600B96673 /* API.swift in Sources */ = {isa = PBXBuildFile; fileRef = 755D5F631F880D5600B96673 /* API.swift */; };
		75851F7D1F87F96C0034CF88 /* AppDelegate.swift in Sources */ = {isa = PBXBuildFile; fileRef = 75851F7C1F87F96C0034CF88 /* AppDelegate.swift */; };
		75851F7F1F87F96C0034CF88 /* ViewController.swift in Sources */ = {isa = PBXBuildFile; fileRef = 75851F7E1F87F96C0034CF88 /* ViewController.swift */; };
		75851F821F87F96C0034CF88 /* Main.storyboard in Resources */ = {isa = PBXBuildFile; fileRef = 75851F801F87F96C0034CF88 /* Main.storyboard */; };
		75851F841F87F96C0034CF88 /* Assets.xcassets in Resources */ = {isa = PBXBuildFile; fileRef = 75851F831F87F96C0034CF88 /* Assets.xcassets */; };
		75851F871F87F96C0034CF88 /* LaunchScreen.storyboard in Resources */ = {isa = PBXBuildFile; fileRef = 75851F851F87F96C0034CF88 /* LaunchScreen.storyboard */; };
/* End PBXBuildFile section */

/* Begin PBXFileReference section */
		0B1DB97D3057763DF37DECA7 /* Pods_hackatonGrapqhqlApiClient.framework */ = {isa = PBXFileReference; explicitFileType = wrapper.framework; includeInIndex = 0; path = Pods_hackatonGrapqhqlApiClient.framework; sourceTree = BUILT_PRODUCTS_DIR; };
		159E6D13B0A160D04D11F897 /* Pods-hackatonGrapqhqlApiClient.release.xcconfig */ = {isa = PBXFileReference; includeInIndex = 1; lastKnownFileType = text.xcconfig; name = "Pods-hackatonGrapqhqlApiClient.release.xcconfig"; path = "Pods/Target Support Files/Pods-hackatonGrapqhqlApiClient/Pods-hackatonGrapqhqlApiClient.release.xcconfig"; sourceTree = "<group>"; };
		7334C099FD458E31B963E896 /* Pods-hackatonGrapqhqlApiClient.debug.xcconfig */ = {isa = PBXFileReference; includeInIndex = 1; lastKnownFileType = text.xcconfig; name = "Pods-hackatonGrapqhqlApiClient.debug.xcconfig"; path = "Pods/Target Support Files/Pods-hackatonGrapqhqlApiClient/Pods-hackatonGrapqhqlApiClient.debug.xcconfig"; sourceTree = "<group>"; };
		755D5F631F880D5600B96673 /* API.swift */ = {isa = PBXFileReference; lastKnownFileType = sourcecode.swift; path = API.swift; sourceTree = "<group>"; };
		75851F791F87F96C0034CF88 /* hackatonGrapqhqlApiClient.app */ = {isa = PBXFileReference; explicitFileType = wrapper.application; includeInIndex = 0; path = hackatonGrapqhqlApiClient.app; sourceTree = BUILT_PRODUCTS_DIR; };
		75851F7C1F87F96C0034CF88 /* AppDelegate.swift */ = {isa = PBXFileReference; lastKnownFileType = sourcecode.swift; path = AppDelegate.swift; sourceTree = "<group>"; };
		75851F7E1F87F96C0034CF88 /* ViewController.swift */ = {isa = PBXFileReference; lastKnownFileType = sourcecode.swift; path = ViewController.swift; sourceTree = "<group>"; };
		75851F811F87F96C0034CF88 /* Base */ = {isa = PBXFileReference; lastKnownFileType = file.storyboard; name = Base; path = Base.lproj/Main.storyboard; sourceTree = "<group>"; };
		75851F831F87F96C0034CF88 /* Assets.xcassets */ = {isa = PBXFileReference; lastKnownFileType = folder.assetcatalog; path = Assets.xcassets; sourceTree = "<group>"; };
		75851F861F87F96C0034CF88 /* Base */ = {isa = PBXFileReference; lastKnownFileType = file.storyboard; name = Base; path = Base.lproj/LaunchScreen.storyboard; sourceTree = "<group>"; };
		75851F881F87F96C0034CF88 /* Info.plist */ = {isa = PBXFileReference; lastKnownFileType = text.plist.xml; path = Info.plist; sourceTree = "<group>"; };
/* End PBXFileReference section */

/* Begin PBXFrameworksBuildPhase section */
		75851F761F87F96C0034CF88 /* Frameworks */ = {
			isa = PBXFrameworksBuildPhase;
			buildActionMask = 2147483647;
			files = (
				355075878EA1A7678EF4DAB3 /* Pods_hackatonGrapqhqlApiClient.framework in Frameworks */,
			);
			runOnlyForDeploymentPostprocessing = 0;
		};
/* End PBXFrameworksBuildPhase section */

/* Begin PBXGroup section */
		657E99B9D89AF695484F36D5 /* Frameworks */ = {
			isa = PBXGroup;
			children = (
				0B1DB97D3057763DF37DECA7 /* Pods_hackatonGrapqhqlApiClient.framework */,
			);
			name = Frameworks;
			sourceTree = "<group>";
		};
		75851F701F87F96C0034CF88 = {
			isa = PBXGroup;
			children = (
				75851F7B1F87F96C0034CF88 /* hackatonGrapqhqlApiClient */,
				75851F7A1F87F96C0034CF88 /* Products */,
				B40DF5A3D8A3621F4929AC59 /* Pods */,
				657E99B9D89AF695484F36D5 /* Frameworks */,
			);
			sourceTree = "<group>";
		};
		75851F7A1F87F96C0034CF88 /* Products */ = {
			isa = PBXGroup;
			children = (
				75851F791F87F96C0034CF88 /* hackatonGrapqhqlApiClient.app */,
			);
			name = Products;
			sourceTree = "<group>";
		};
		75851F7B1F87F96C0034CF88 /* hackatonGrapqhqlApiClient */ = {
			isa = PBXGroup;
			children = (
				75851F7C1F87F96C0034CF88 /* AppDelegate.swift */,
				755D5F631F880D5600B96673 /* API.swift */,
				75851F7E1F87F96C0034CF88 /* ViewController.swift */,
				75851F801F87F96C0034CF88 /* Main.storyboard */,
				75851F831F87F96C0034CF88 /* Assets.xcassets */,
				75851F851F87F96C0034CF88 /* LaunchScreen.storyboard */,
				75851F881F87F96C0034CF88 /* Info.plist */,
			);
			path = hackatonGrapqhqlApiClient;
			sourceTree = "<group>";
		};
		B40DF5A3D8A3621F4929AC59 /* Pods */ = {
			isa = PBXGroup;
			children = (
				7334C099FD458E31B963E896 /* Pods-hackatonGrapqhqlApiClient.debug.xcconfig */,
				159E6D13B0A160D04D11F897 /* Pods-hackatonGrapqhqlApiClient.release.xcconfig */,
			);
			name = Pods;
			sourceTree = "<group>";
		};
/* End PBXGroup section */

/* Begin PBXNativeTarget section */
		75851F781F87F96C0034CF88 /* hackatonGrapqhqlApiClient */ = {
			isa = PBXNativeTarget;
			buildConfigurationList = 75851F8B1F87F96C0034CF88 /* Build configuration list for PBXNativeTarget "hackatonGrapqhqlApiClient" */;
			buildPhases = (
				B0A12D5EC6A8F5DE4E3B4861 /* [CP] Check Pods Manifest.lock */,
				75851F751F87F96C0034CF88 /* Sources */,
				75DEA4711F88045E00CFFF38 /* ShellScript */,
				75851F761F87F96C0034CF88 /* Frameworks */,
				75851F771F87F96C0034CF88 /* Resources */,
				8681E13B1803BE4D1B16E936 /* [CP] Embed Pods Frameworks */,
				006D32BB6CF8A12A24DC0C89 /* [CP] Copy Pods Resources */,
			);
			buildRules = (
			);
			dependencies = (
			);
			name = hackatonGrapqhqlApiClient;
			productName = hackatonGrapqhqlApiClient;
			productReference = 75851F791F87F96C0034CF88 /* hackatonGrapqhqlApiClient.app */;
			productType = "com.apple.product-type.application";
		};
/* End PBXNativeTarget section */

/* Begin PBXProject section */
		75851F711F87F96C0034CF88 /* Project object */ = {
			isa = PBXProject;
			attributes = {
				LastSwiftUpdateCheck = 0830;
				LastUpgradeCheck = 0830;
				ORGANIZATIONNAME = Artear;
				TargetAttributes = {
					75851F781F87F96C0034CF88 = {
						CreatedOnToolsVersion = 8.3.3;
						DevelopmentTeam = E56RMVMBNW;
						ProvisioningStyle = Automatic;
					};
				};
			};
			buildConfigurationList = 75851F741F87F96C0034CF88 /* Build configuration list for PBXProject "hackatonGrapqhqlApiClient" */;
			compatibilityVersion = "Xcode 3.2";
			developmentRegion = English;
			hasScannedForEncodings = 0;
			knownRegions = (
				en,
				Base,
			);
			mainGroup = 75851F701F87F96C0034CF88;
			productRefGroup = 75851F7A1F87F96C0034CF88 /* Products */;
			projectDirPath = "";
			projectRoot = "";
			targets = (
				75851F781F87F96C0034CF88 /* hackatonGrapqhqlApiClient */,
			);
		};
/* End PBXProject section */

/* Begin PBXResourcesBuildPhase section */
		75851F771F87F96C0034CF88 /* Resources */ = {
			isa = PBXResourcesBuildPhase;
			buildActionMask = 2147483647;
			files = (
				75851F871F87F96C0034CF88 /* LaunchScreen.storyboard in Resources */,
				75851F841F87F96C0034CF88 /* Assets.xcassets in Resources */,
				75851F821F87F96C0034CF88 /* Main.storyboard in Resources */,
			);
			runOnlyForDeploymentPostprocessing = 0;
		};
/* End PBXResourcesBuildPhase section */

/* Begin PBXShellScriptBuildPhase section */
		006D32BB6CF8A12A24DC0C89 /* [CP] Copy Pods Resources */ = {
			isa = PBXShellScriptBuildPhase;
			buildActionMask = 2147483647;
			files = (
			);
			inputPaths = (
			);
			name = "[CP] Copy Pods Resources";
			outputPaths = (
			);
			runOnlyForDeploymentPostprocessing = 0;
			shellPath = /bin/sh;
			shellScript = "\"${SRCROOT}/Pods/Target Support Files/Pods-hackatonGrapqhqlApiClient/Pods-hackatonGrapqhqlApiClient-resources.sh\"\n";
			showEnvVarsInLog = 0;
		};
		75DEA4711F88045E00CFFF38 /* ShellScript */ = {
			isa = PBXShellScriptBuildPhase;
			buildActionMask = 12;
			files = (
			);
			inputPaths = (
			);
			outputPaths = (
			);
			runOnlyForDeploymentPostprocessing = 0;
			shellPath = /bin/sh;
			shellScript = "APOLLO_FRAMEWORK_PATH=\"$(eval find $FRAMEWORK_SEARCH_PATHS -name \"Apollo.framework\" -maxdepth 1)\"\n\nif [ -z \"$APOLLO_FRAMEWORK_PATH\" ]; then\necho \"error: Couldn't find Apollo.framework in FRAMEWORK_SEARCH_PATHS; make sure to add the framework to your project.\"\nexit 1\nfi\n\ncd \"${SRCROOT}/${TARGET_NAME}\"\n$APOLLO_FRAMEWORK_PATH/check-and-run-apollo-codegen.sh generate $(find . -name '*.graphql') --schema schema.json --output API.swift\n";
		};
		8681E13B1803BE4D1B16E936 /* [CP] Embed Pods Frameworks */ = {
			isa = PBXShellScriptBuildPhase;
			buildActionMask = 2147483647;
			files = (
			);
			inputPaths = (
				"${SRCROOT}/Pods/Target Support Files/Pods-hackatonGrapqhqlApiClient/Pods-hackatonGrapqhqlApiClient-frameworks.sh",
				"${BUILT_PRODUCTS_DIR}/Apollo/Apollo.framework",
			);
			name = "[CP] Embed Pods Frameworks";
			outputPaths = (
				"${TARGET_BUILD_DIR}/${FRAMEWORKS_FOLDER_PATH}/Apollo.framework",
			);
			runOnlyForDeploymentPostprocessing = 0;
			shellPath = /bin/sh;
			shellScript = "\"${SRCROOT}/Pods/Target Support Files/Pods-hackatonGrapqhqlApiClient/Pods-hackatonGrapqhqlApiClient-frameworks.sh\"\n";
			showEnvVarsInLog = 0;
		};
		B0A12D5EC6A8F5DE4E3B4861 /* [CP] Check Pods Manifest.lock */ = {
			isa = PBXShellScriptBuildPhase;
			buildActionMask = 2147483647;
			files = (
			);
			inputPaths = (
				"${PODS_PODFILE_DIR_PATH}/Podfile.lock",
				"${PODS_ROOT}/Manifest.lock",
			);
			name = "[CP] Check Pods Manifest.lock";
			outputPaths = (
				"$(DERIVED_FILE_DIR)/Pods-hackatonGrapqhqlApiClient-checkManifestLockResult.txt",
			);
			runOnlyForDeploymentPostprocessing = 0;
			shellPath = /bin/sh;
			shellScript = "diff \"${PODS_PODFILE_DIR_PATH}/Podfile.lock\" \"${PODS_ROOT}/Manifest.lock\" > /dev/null\nif [ $? != 0 ] ; then\n    # print error to STDERR\n    echo \"error: The sandbox is not in sync with the Podfile.lock. Run 'pod install' or update your CocoaPods installation.\" >&2\n    exit 1\nfi\n# This output is used by Xcode 'outputs' to avoid re-running this script phase.\necho \"SUCCESS\" > \"${SCRIPT_OUTPUT_FILE_0}\"\n";
			showEnvVarsInLog = 0;
		};
/* End PBXShellScriptBuildPhase section */

/* Begin PBXSourcesBuildPhase section */
		75851F751F87F96C0034CF88 /* Sources */ = {
			isa = PBXSourcesBuildPhase;
			buildActionMask = 2147483647;
			files = (
				75851F7F1F87F96C0034CF88 /* ViewController.swift in Sources */,
				755D5F641F880D5600B96673 /* API.swift in Sources */,
				75851F7D1F87F96C0034CF88 /* AppDelegate.swift in Sources */,
			);
			runOnlyForDeploymentPostprocessing = 0;
		};
/* End PBXSourcesBuildPhase section */

/* Begin PBXVariantGroup section */
		75851F801F87F96C0034CF88 /* Main.storyboard */ = {
			isa = PBXVariantGroup;
			children = (
				75851F811F87F96C0034CF88 /* Base */,
			);
			name = Main.storyboard;
			sourceTree = "<group>";
		};
		75851F851F87F96C0034CF88 /* LaunchScreen.storyboard */ = {
			isa = PBXVariantGroup;
			children = (
				75851F861F87F96C0034CF88 /* Base */,
			);
			name = LaunchScreen.storyboard;
			sourceTree = "<group>";
		};
/* End PBXVariantGroup section */

/* Begin XCBuildConfiguration section */
		75851F891F87F96C0034CF88 /* Debug */ = {
			isa = XCBuildConfiguration;
			buildSettings = {
				ALWAYS_SEARCH_USER_PATHS = NO;
				CLANG_ANALYZER_NONNULL = YES;
				CLANG_ANALYZER_NUMBER_OBJECT_CONVERSION = YES_AGGRESSIVE;
				CLANG_CXX_LANGUAGE_STANDARD = "gnu++0x";
				CLANG_CXX_LIBRARY = "libc++";
				CLANG_ENABLE_MODULES = YES;
				CLANG_ENABLE_OBJC_ARC = YES;
				CLANG_WARN_BOOL_CONVERSION = YES;
				CLANG_WARN_CONSTANT_CONVERSION = YES;
				CLANG_WARN_DIRECT_OBJC_ISA_USAGE = YES_ERROR;
				CLANG_WARN_DOCUMENTATION_COMMENTS = YES;
				CLANG_WARN_EMPTY_BODY = YES;
				CLANG_WARN_ENUM_CONVERSION = YES;
				CLANG_WARN_INFINITE_RECURSION = YES;
				CLANG_WARN_INT_CONVERSION = YES;
				CLANG_WARN_OBJC_ROOT_CLASS = YES_ERROR;
				CLANG_WARN_SUSPICIOUS_MOVE = YES;
				CLANG_WARN_UNREACHABLE_CODE = YES;
				CLANG_WARN__DUPLICATE_METHOD_MATCH = YES;
				"CODE_SIGN_IDENTITY[sdk=iphoneos*]" = "iPhone Developer";
				COPY_PHASE_STRIP = NO;
				DEBUG_INFORMATION_FORMAT = dwarf;
				ENABLE_STRICT_OBJC_MSGSEND = YES;
				ENABLE_TESTABILITY = YES;
				GCC_C_LANGUAGE_STANDARD = gnu99;
				GCC_DYNAMIC_NO_PIC = NO;
				GCC_NO_COMMON_BLOCKS = YES;
				GCC_OPTIMIZATION_LEVEL = 0;
				GCC_PREPROCESSOR_DEFINITIONS = (
					"DEBUG=1",
					"$(inherited)",
				);
				GCC_WARN_64_TO_32_BIT_CONVERSION = YES;
				GCC_WARN_ABOUT_RETURN_TYPE = YES_ERROR;
				GCC_WARN_UNDECLARED_SELECTOR = YES;
				GCC_WARN_UNINITIALIZED_AUTOS = YES_AGGRESSIVE;
				GCC_WARN_UNUSED_FUNCTION = YES;
				GCC_WARN_UNUSED_VARIABLE = YES;
				IPHONEOS_DEPLOYMENT_TARGET = 10.3;
				MTL_ENABLE_DEBUG_INFO = YES;
				ONLY_ACTIVE_ARCH = YES;
				SDKROOT = iphoneos;
				SWIFT_ACTIVE_COMPILATION_CONDITIONS = DEBUG;
				SWIFT_OPTIMIZATION_LEVEL = "-Onone";
				TARGETED_DEVICE_FAMILY = "1,2";
			};
			name = Debug;
		};
		75851F8A1F87F96C0034CF88 /* Release */ = {
			isa = XCBuildConfiguration;
			buildSettings = {
				ALWAYS_SEARCH_USER_PATHS = NO;
				CLANG_ANALYZER_NONNULL = YES;
				CLANG_ANALYZER_NUMBER_OBJECT_CONVERSION = YES_AGGRESSIVE;
				CLANG_CXX_LANGUAGE_STANDARD = "gnu++0x";
				CLANG_CXX_LIBRARY = "libc++";
				CLANG_ENABLE_MODULES = YES;
				CLANG_ENABLE_OBJC_ARC = YES;
				CLANG_WARN_BOOL_CONVERSION = YES;
				CLANG_WARN_CONSTANT_CONVERSION = YES;
				CLANG_WARN_DIRECT_OBJC_ISA_USAGE = YES_ERROR;
				CLANG_WARN_DOCUMENTATION_COMMENTS = YES;
				CLANG_WARN_EMPTY_BODY = YES;
				CLANG_WARN_ENUM_CONVERSION = YES;
				CLANG_WARN_INFINITE_RECURSION = YES;
				CLANG_WARN_INT_CONVERSION = YES;
				CLANG_WARN_OBJC_ROOT_CLASS = YES_ERROR;
				CLANG_WARN_SUSPICIOUS_MOVE = YES;
				CLANG_WARN_UNREACHABLE_CODE = YES;
				CLANG_WARN__DUPLICATE_METHOD_MATCH = YES;
				"CODE_SIGN_IDENTITY[sdk=iphoneos*]" = "iPhone Developer";
				COPY_PHASE_STRIP = NO;
				DEBUG_INFORMATION_FORMAT = "dwarf-with-dsym";
				ENABLE_NS_ASSERTIONS = NO;
				ENABLE_STRICT_OBJC_MSGSEND = YES;
				GCC_C_LANGUAGE_STANDARD = gnu99;
				GCC_NO_COMMON_BLOCKS = YES;
				GCC_WARN_64_TO_32_BIT_CONVERSION = YES;
				GCC_WARN_ABOUT_RETURN_TYPE = YES_ERROR;
				GCC_WARN_UNDECLARED_SELECTOR = YES;
				GCC_WARN_UNINITIALIZED_AUTOS = YES_AGGRESSIVE;
				GCC_WARN_UNUSED_FUNCTION = YES;
				GCC_WARN_UNUSED_VARIABLE = YES;
				IPHONEOS_DEPLOYMENT_TARGET = 10.3;
				MTL_ENABLE_DEBUG_INFO = NO;
				SDKROOT = iphoneos;
				SWIFT_OPTIMIZATION_LEVEL = "-Owholemodule";
				TARGETED_DEVICE_FAMILY = "1,2";
				VALIDATE_PRODUCT = YES;
			};
			name = Release;
		};
		75851F8C1F87F96C0034CF88 /* Debug */ = {
			isa = XCBuildConfiguration;
			baseConfigurationReference = 7334C099FD458E31B963E896 /* Pods-hackatonGrapqhqlApiClient.debug.xcconfig */;
			buildSettings = {
				ASSETCATALOG_COMPILER_APPICON_NAME = AppIcon;
				DEVELOPMENT_TEAM = E56RMVMBNW;
				INFOPLIST_FILE = hackatonGrapqhqlApiClient/Info.plist;
				LD_RUNPATH_SEARCH_PATHS = "$(inherited) @executable_path/Frameworks";
				PRODUCT_BUNDLE_IDENTIFIER = com.artear.hackatonGrapqhqlApiClient;
				PRODUCT_NAME = "$(TARGET_NAME)";
				SWIFT_VERSION = 3.0;
			};
			name = Debug;
		};
		75851F8D1F87F96C0034CF88 /* Release */ = {
			isa = XCBuildConfiguration;
			baseConfigurationReference = 159E6D13B0A160D04D11F897 /* Pods-hackatonGrapqhqlApiClient.release.xcconfig */;
			buildSettings = {
				ASSETCATALOG_COMPILER_APPICON_NAME = AppIcon;
				DEVELOPMENT_TEAM = E56RMVMBNW;
				INFOPLIST_FILE = hackatonGrapqhqlApiClient/Info.plist;
				LD_RUNPATH_SEARCH_PATHS = "$(inherited) @executable_path/Frameworks";
				PRODUCT_BUNDLE_IDENTIFIER = com.artear.hackatonGrapqhqlApiClient;
				PRODUCT_NAME = "$(TARGET_NAME)";
				SWIFT_VERSION = 3.0;
			};
			name = Release;
		};
/* End XCBuildConfiguration section */

/* Begin XCConfigurationList section */
		75851F741F87F96C0034CF88 /* Build configuration list for PBXProject "hackatonGrapqhqlApiClient" */ = {
			isa = XCConfigurationList;
			buildConfigurations = (
				75851F891F87F96C0034CF88 /* Debug */,
				75851F8A1F87F96C0034CF88 /* Release */,
			);
			defaultConfigurationIsVisible = 0;
			defaultConfigurationName = Release;
		};
		75851F8B1F87F96C0034CF88 /* Build configuration list for PBXNativeTarget "hackatonGrapqhqlApiClient" */ = {
			isa = XCConfigurationList;
			buildConfigurations = (
				75851F8C1F87F96C0034CF88 /* Debug */,
				75851F8D1F87F96C0034CF88 /* Release */,
			);
			defaultConfigurationIsVisible = 0;
			defaultConfigurationName = Release;
		};
/* End XCConfigurationList section */
	};
	rootObject = 75851F711F87F96C0034CF88 /* Project object */;
}
